
Microsoft Visual Studio Solution File, Format Version 12.00
# Visual Studio Version 17
VisualStudioVersion = 17.13.35931.197
MinimumVisualStudioVersion = 10.0.40219.1
Project("{FAE04EC0-301F-11D3-BF4B-00C04F79EFBC}") = "Terminal Quran", "Terminal Quran.csproj", "{BBAF45E7-B7BC-4B81-AF8F-4CC36F8AD60C}"
EndProject
Global
	GlobalSection(SolutionConfigurationPlatforms) = preSolution
		Debug|Any CPU = Debug|Any CPU
		Release|Any CPU = Release|Any CPU
	EndGlobalSection
	GlobalSection(ProjectConfigurationPlatforms) = postSolution
		{BBAF45E7-B7BC-4B81-AF8F-4CC36F8AD60C}.Debug|Any CPU.ActiveCfg = Release|Any CPU
		{BBAF45E7-B7BC-4B81-AF8F-4CC36F8AD60C}.Debug|Any CPU.Build.0 = Release|Any CPU
		{BBAF45E7-B7BC-4B81-AF8F-4CC36F8AD60C}.Release|Any CPU.ActiveCfg = Release|Any CPU
		{BBAF45E7-B7BC-4B81-AF8F-4CC36F8AD60C}.Release|Any CPU.Build.0 = Release|Any CPU
	EndGlobalSection
	GlobalSection(SolutionProperties) = preSolution
		HideSolutionNode = FALSE
	EndGlobalSection
	GlobalSection(ExtensibilityGlobals) = postSolution
		SolutionGuid = {0E00DCBF-79C9-4AEF-8F97-006A7BF8AC0F}
	EndGlobalSection
EndGlobal
